{
  "name": "monitoring",
  "lockfileVersion": 3,
  "requires": true,
  "packages": {
    "": {
      "dependencies": {
        "swagger-ui-express": "^5.0.1"
      }
    },
    "node_modules/@scarf/scarf": {
      "version": "1.4.0",
      "resolved": "https://registry.npmjs.org/@scarf/scarf/-/scarf-1.4.0.tgz",
      "integrity": "sha512-xxeapPiUXdZAE3che6f3xogoJPeZgig6omHEy1rIY5WVsB3H2BHNnZH+gHG6x91SCWyQCzWGsuL2Hh3ClO5/qQ==",
      "hasInstallScript": true
    },
    "node_modules/swagger-ui-dist": {
      "version": "5.20.1",
      "resolved": "https://registry.npmjs.org/swagger-ui-dist/-/swagger-ui-dist-5.20.1.tgz",
      "integrity": "sha512-qBPCis2w8nP4US7SvUxdJD3OwKcqiWeZmjN2VWhq2v+ESZEXOP/7n4DeiOiiZcGYTKMHAHUUrroHaTsjUWTEGw==",
      "dependencies": {
        "@scarf/scarf": "=1.4.0"
      }
    },
    "node_modules/swagger-ui-express": {
      "version": "5.0.1",
      "resolved": "https://registry.npmjs.org/swagger-ui-express/-/swagger-ui-express-5.0.1.tgz",
      "integrity": "sha512-SrNU3RiBGTLLmFU8GIJdOdanJTl4TOmT27tt3bWWHppqYmAZ6IDuEuBvMU6nZq0zLEe6b/1rACXCgLZqO6ZfrA==",
      "dependencies": {
        "swagger-ui-dist": ">=5.0.0"
      },
      "engines": {
        "node": ">= v0.10.32"
      },
      "peerDependencies": {
        "express": ">=4.0.0 || >=5.0.0-beta"
      }
    }
  }
}
